// !$*UTF8*$!
{
	archiveVersion = 1;
	classes = {
	};
	objectVersion = 56;
	objects = {

/* Begin PBXBuildFile section */
		85292A4A2CD3A95A0046E4F3 /* demo_tableviewApp.swift in Sources */ = {isa = PBXBuildFile; fileRef = 85292A492CD3A95A0046E4F3 /* demo_tableviewApp.swift */; };
		85292A4C2CD3A95A0046E4F3 /* ContentView.swift in Sources */ = {isa = PBXBuildFile; fileRef = 85292A4B2CD3A95A0046E4F3 /* ContentView.swift */; };
		85292A4E2CD3A95A0046E4F3 /* Item.swift in Sources */ = {isa = PBXBuildFile; fileRef = 85292A4D2CD3A95A0046E4F3 /* Item.swift */; };
		85292A502CD3A95D0046E4F3 /* Assets.xcassets in Resources */ = {isa = PBXBuildFile; fileRef = 85292A4F2CD3A95D0046E4F3 /* Assets.xcassets */; };
		85292A532CD3A95D0046E4F3 /* Preview Assets.xcassets in Resources */ = {isa = PBXBuildFile; fileRef = 85292A522CD3A95D0046E4F3 /* Preview Assets.xcassets */; };
		85292A5D2CD3A95E0046E4F3 /* demo_tableviewTests.swift in Sources */ = {isa = PBXBuildFile; fileRef = 85292A5C2CD3A95E0046E4F3 /* demo_tableviewTests.swift */; };
		85292A672CD3A95E0046E4F3 /* demo_tableviewUITests.swift in Sources */ = {isa = PBXBuildFile; fileRef = 85292A662CD3A95E0046E4F3 /* demo_tableviewUITests.swift */; };
		85292A692CD3A95E0046E4F3 /* demo_tableviewUITestsLaunchTests.swift in Sources */ = {isa = PBXBuildFile; fileRef = 85292A682CD3A95E0046E4F3 /* demo_tableviewUITestsLaunchTests.swift */; };
/* End PBXBuildFile section */

/* Begin PBXContainerItemProxy section */
		85292A592CD3A95E0046E4F3 /* PBXContainerItemProxy */ = {
			isa = PBXContainerItemProxy;
			containerPortal = 85292A3E2CD3A95A0046E4F3 /* Project object */;
			proxyType = 1;
			remoteGlobalIDString = 85292A452CD3A95A0046E4F3;
			remoteInfo = "demo-tableview";
		};
		85292A632CD3A95E0046E4F3 /* PBXContainerItemProxy */ = {
			isa = PBXContainerItemProxy;
			containerPortal = 85292A3E2CD3A95A0046E4F3 /* Project object */;
			proxyType = 1;
			remoteGlobalIDString = 85292A452CD3A95A0046E4F3;
			remoteInfo = "demo-tableview";
		};
/* End PBXContainerItemProxy section */

/* Begin PBXFileReference section */
		85292A462CD3A95A0046E4F3 /* demo-tableview.app */ = {isa = PBXFileReference; explicitFileType = wrapper.application; includeInIndex = 0; path = "demo-tableview.app"; sourceTree = BUILT_PRODUCTS_DIR; };
		85292A492CD3A95A0046E4F3 /* demo_tableviewApp.swift */ = {isa = PBXFileReference; lastKnownFileType = sourcecode.swift; path = demo_tableviewApp.swift; sourceTree = "<group>"; };
		85292A4B2CD3A95A0046E4F3 /* ContentView.swift */ = {isa = PBXFileReference; lastKnownFileType = sourcecode.swift; path = ContentView.swift; sourceTree = "<group>"; };
		85292A4D2CD3A95A0046E4F3 /* Item.swift */ = {isa = PBXFileReference; lastKnownFileType = sourcecode.swift; path = Item.swift; sourceTree = "<group>"; };
		85292A4F2CD3A95D0046E4F3 /* Assets.xcassets */ = {isa = PBXFileReference; lastKnownFileType = folder.assetcatalog; path = Assets.xcassets; sourceTree = "<group>"; };
		85292A522CD3A95D0046E4F3 /* Preview Assets.xcassets */ = {isa = PBXFileReference; lastKnownFileType = folder.assetcatalog; path = "Preview Assets.xcassets"; sourceTree = "<group>"; };
		85292A582CD3A95E0046E4F3 /* demo-tableviewTests.xctest */ = {isa = PBXFileReference; explicitFileType = wrapper.cfbundle; includeInIndex = 0; path = "demo-tableviewTests.xctest"; sourceTree = BUILT_PRODUCTS_DIR; };
		85292A5C2CD3A95E0046E4F3 /* demo_tableviewTests.swift */ = {isa = PBXFileReference; lastKnownFileType = sourcecode.swift; path = demo_tableviewTests.swift; sourceTree = "<group>"; };
		85292A622CD3A95E0046E4F3 /* demo-tableviewUITests.xctest */ = {isa = PBXFileReference; explicitFileType = wrapper.cfbundle; includeInIndex = 0; path = "demo-tableviewUITests.xctest"; sourceTree = BUILT_PRODUCTS_DIR; };
		85292A662CD3A95E0046E4F3 /* demo_tableviewUITests.swift */ = {isa = PBXFileReference; lastKnownFileType = sourcecode.swift; path = demo_tableviewUITests.swift; sourceTree = "<group>"; };
		85292A682CD3A95E0046E4F3 /* demo_tableviewUITestsLaunchTests.swift */ = {isa = PBXFileReference; lastKnownFileType = sourcecode.swift; path = demo_tableviewUITestsLaunchTests.swift; sourceTree = "<group>"; };
/* End PBXFileReference section */

/* Begin PBXFrameworksBuildPhase section */
		85292A432CD3A95A0046E4F3 /* Frameworks */ = {
			isa = PBXFrameworksBuildPhase;
			buildActionMask = 2147483647;
			files = (
			);
			runOnlyForDeploymentPostprocessing = 0;
		};
		85292A552CD3A95E0046E4F3 /* Frameworks */ = {
			isa = PBXFrameworksBuildPhase;
			buildActionMask = 2147483647;
			files = (
			);
			runOnlyForDeploymentPostprocessing = 0;
		};
		85292A5F2CD3A95E0046E4F3 /* Frameworks */ = {
			isa = PBXFrameworksBuildPhase;
			buildActionMask = 2147483647;
			files = (
			);
			runOnlyForDeploymentPostprocessing = 0;
		};
/* End PBXFrameworksBuildPhase section */

/* Begin PBXGroup section */
		85292A3D2CD3A95A0046E4F3 = {
			isa = PBXGroup;
			children = (
				85292A482CD3A95A0046E4F3 /* demo-tableview */,
				85292A5B2CD3A95E0046E4F3 /* demo-tableviewTests */,
				85292A652CD3A95E0046E4F3 /* demo-tableviewUITests */,
				85292A472CD3A95A0046E4F3 /* Products */,
			);
			sourceTree = "<group>";
		};
		85292A472CD3A95A0046E4F3 /* Products */ = {
			isa = PBXGroup;
			children = (
				85292A462CD3A95A0046E4F3 /* demo-tableview.app */,
				85292A582CD3A95E0046E4F3 /* demo-tableviewTests.xctest */,
				85292A622CD3A95E0046E4F3 /* demo-tableviewUITests.xctest */,
			);
			name = Products;
			sourceTree = "<group>";
		};
		85292A482CD3A95A0046E4F3 /* demo-tableview */ = {
			isa = PBXGroup;
			children = (
				85292A492CD3A95A0046E4F3 /* demo_tableviewApp.swift */,
				85292A4B2CD3A95A0046E4F3 /* ContentView.swift */,
				85292A4D2CD3A95A0046E4F3 /* Item.swift */,
				85292A4F2CD3A95D0046E4F3 /* Assets.xcassets */,
				85292A512CD3A95D0046E4F3 /* Preview Content */,
			);
			path = "demo-tableview";
			sourceTree = "<group>";
		};
		85292A512CD3A95D0046E4F3 /* Preview Content */ = {
			isa = PBXGroup;
			children = (
				85292A522CD3A95D0046E4F3 /* Preview Assets.xcassets */,
			);
			path = "Preview Content";
			sourceTree = "<group>";
		};
		85292A5B2CD3A95E0046E4F3 /* demo-tableviewTests */ = {
			isa = PBXGroup;
			children = (
				85292A5C2CD3A95E0046E4F3 /* demo_tableviewTests.swift */,
			);
			path = "demo-tableviewTests";
			sourceTree = "<group>";
		};
		85292A652CD3A95E0046E4F3 /* demo-tableviewUITests */ = {
			isa = PBXGroup;
			children = (
				85292A662CD3A95E0046E4F3 /* demo_tableviewUITests.swift */,
				85292A682CD3A95E0046E4F3 /* demo_tableviewUITestsLaunchTests.swift */,
			);
			path = "demo-tableviewUITests";
			sourceTree = "<group>";
		};
/* End PBXGroup section */

/* Begin PBXNativeTarget section */
		85292A452CD3A95A0046E4F3 /* demo-tableview */ = {
			isa = PBXNativeTarget;
			buildConfigurationList = 85292A6C2CD3A95E0046E4F3 /* Build configuration list for PBXNativeTarget "demo-tableview" */;
			buildPhases = (
				85292A422CD3A95A0046E4F3 /* Sources */,
				85292A432CD3A95A0046E4F3 /* Frameworks */,
				85292A442CD3A95A0046E4F3 /* Resources */,
			);
			buildRules = (
			);
			dependencies = (
			);
			name = "demo-tableview";
			productName = "demo-tableview";
			productReference = 85292A462CD3A95A0046E4F3 /* demo-tableview.app */;
			productType = "com.apple.product-type.application";
		};
		85292A572CD3A95E0046E4F3 /* demo-tableviewTests */ = {
			isa = PBXNativeTarget;
			buildConfigurationList = 85292A6F2CD3A95E0046E4F3 /* Build configuration list for PBXNativeTarget "demo-tableviewTests" */;
			buildPhases = (
				85292A542CD3A95E0046E4F3 /* Sources */,
				85292A552CD3A95E0046E4F3 /* Frameworks */,
				85292A562CD3A95E0046E4F3 /* Resources */,
			);
			buildRules = (
			);
			dependencies = (
				85292A5A2CD3A95E0046E4F3 /* PBXTargetDependency */,
			);
			name = "demo-tableviewTests";
			productName = "demo-tableviewTests";
			productReference = 85292A582CD3A95E0046E4F3 /* demo-tableviewTests.xctest */;
			productType = "com.apple.product-type.bundle.unit-test";
		};
		85292A612CD3A95E0046E4F3 /* demo-tableviewUITests */ = {
			isa = PBXNativeTarget;
			buildConfigurationList = 85292A722CD3A95E0046E4F3 /* Build configuration list for PBXNativeTarget "demo-tableviewUITests" */;
			buildPhases = (
				85292A5E2CD3A95E0046E4F3 /* Sources */,
				85292A5F2CD3A95E0046E4F3 /* Frameworks */,
				85292A602CD3A95E0046E4F3 /* Resources */,
			);
			buildRules = (
			);
			dependencies = (
				85292A642CD3A95E0046E4F3 /* PBXTargetDependency */,
			);
			name = "demo-tableviewUITests";
			productName = "demo-tableviewUITests";
			productReference = 85292A622CD3A95E0046E4F3 /* demo-tableviewUITests.xctest */;
			productType = "com.apple.product-type.bundle.ui-testing";
		};
/* End PBXNativeTarget section */

/* Begin PBXProject section */
		85292A3E2CD3A95A0046E4F3 /* Project object */ = {
			isa = PBXProject;
			attributes = {
				BuildIndependentTargetsInParallel = 1;
				LastSwiftUpdateCheck = 1500;
				LastUpgradeCheck = 1500;
				TargetAttributes = {
					85292A452CD3A95A0046E4F3 = {
						CreatedOnToolsVersion = 15.0.1;
					};
					85292A572CD3A95E0046E4F3 = {
						CreatedOnToolsVersion = 15.0.1;
						TestTargetID = 85292A452CD3A95A0046E4F3;
					};
					85292A612CD3A95E0046E4F3 = {
						CreatedOnToolsVersion = 15.0.1;
						TestTargetID = 85292A452CD3A95A0046E4F3;
					};
				};
			};
			buildConfigurationList = 85292A412CD3A95A0046E4F3 /* Build configuration list for PBXProject "demo-tableview" */;
			compatibilityVersion = "Xcode 14.0";
			developmentRegion = en;
			hasScannedForEncodings = 0;
			knownRegions = (
				en,
				Base,
			);
			mainGroup = 85292A3D2CD3A95A0046E4F3;
			productRefGroup = 85292A472CD3A95A0046E4F3 /* Products */;
			projectDirPath = "";
			projectRoot = "";
			targets = (
				85292A452CD3A95A0046E4F3 /* demo-tableview */,
				85292A572CD3A95E0046E4F3 /* demo-tableviewTests */,
				85292A612CD3A95E0046E4F3 /* demo-tableviewUITests */,
			);
		};
/* End PBXProject section */

/* Begin PBXResourcesBuildPhase section */
		85292A442CD3A95A0046E4F3 /* Resources */ = {
			isa = PBXResourcesBuildPhase;
			buildActionMask = 2147483647;
			files = (
				85292A532CD3A95D0046E4F3 /* Preview Assets.xcassets in Resources */,
				85292A502CD3A95D0046E4F3 /* Assets.xcassets in Resources */,
			);
			runOnlyForDeploymentPostprocessing = 0;
		};
		85292A562CD3A95E0046E4F3 /* Resources */ = {
			isa = PBXResourcesBuildPhase;
			buildActionMask = 2147483647;
			files = (
			);
			runOnlyForDeploymentPostprocessing = 0;
		};
		85292A602CD3A95E0046E4F3 /* Resources */ = {
			isa = PBXResourcesBuildPhase;
			buildActionMask = 2147483647;
			files = (
			);
			runOnlyForDeploymentPostprocessing = 0;
		};
/* End PBXResourcesBuildPhase section */

/* Begin PBXSourcesBuildPhase section */
		85292A422CD3A95A0046E4F3 /* Sources */ = {
			isa = PBXSourcesBuildPhase;
			buildActionMask = 2147483647;
			files = (
				85292A4C2CD3A95A0046E4F3 /* ContentView.swift in Sources */,
				85292A4E2CD3A95A0046E4F3 /* Item.swift in Sources */,
				85292A4A2CD3A95A0046E4F3 /* demo_tableviewApp.swift in Sources */,
			);
			runOnlyForDeploymentPostprocessing = 0;
		};
		85292A542CD3A95E0046E4F3 /* Sources */ = {
			isa = PBXSourcesBuildPhase;
			buildActionMask = 2147483647;
			files = (
				85292A5D2CD3A95E0046E4F3 /* demo_tableviewTests.swift in Sources */,
			);
			runOnlyForDeploymentPostprocessing = 0;
		};
		85292A5E2CD3A95E0046E4F3 /* Sources */ = {
			isa = PBXSourcesBuildPhase;
			buildActionMask = 2147483647;
			files = (
				85292A672CD3A95E0046E4F3 /* demo_tableviewUITests.swift in Sources */,
				85292A692CD3A95E0046E4F3 /* demo_tableviewUITestsLaunchTests.swift in Sources */,
			);
			runOnlyForDeploymentPostprocessing = 0;
		};
/* End PBXSourcesBuildPhase section */

/* Begin PBXTargetDependency section */
		85292A5A2CD3A95E0046E4F3 /* PBXTargetDependency */ = {
			isa = PBXTargetDependency;
			target = 85292A452CD3A95A0046E4F3 /* demo-tableview */;
			targetProxy = 85292A592CD3A95E0046E4F3 /* PBXContainerItemProxy */;
		};
		85292A642CD3A95E0046E4F3 /* PBXTargetDependency */ = {
			isa = PBXTargetDependency;
			target = 85292A452CD3A95A0046E4F3 /* demo-tableview */;
			targetProxy = 85292A632CD3A95E0046E4F3 /* PBXContainerItemProxy */;
		};
/* End PBXTargetDependency section */

/* Begin XCBuildConfiguration section */
		85292A6A2CD3A95E0046E4F3 /* Debug */ = {
			isa = XCBuildConfiguration;
			buildSettings = {
				ALWAYS_SEARCH_USER_PATHS = NO;
				ASSETCATALOG_COMPILER_GENERATE_SWIFT_ASSET_SYMBOL_EXTENSIONS = YES;
				CLANG_ANALYZER_NONNULL = YES;
				CLANG_ANALYZER_NUMBER_OBJECT_CONVERSION = YES_AGGRESSIVE;
				CLANG_CXX_LANGUAGE_STANDARD = "gnu++20";
				CLANG_ENABLE_MODULES = YES;
				CLANG_ENABLE_OBJC_ARC = YES;
				CLANG_ENABLE_OBJC_WEAK = YES;
				CLANG_WARN_BLOCK_CAPTURE_AUTORELEASING = YES;
				CLANG_WARN_BOOL_CONVERSION = YES;
				CLANG_WARN_COMMA = YES;
				CLANG_WARN_CONSTANT_CONVERSION = YES;
				CLANG_WARN_DEPRECATED_OBJC_IMPLEMENTATIONS = YES;
				CLANG_WARN_DIRECT_OBJC_ISA_USAGE = YES_ERROR;
				CLANG_WARN_DOCUMENTATION_COMMENTS = YES;
				CLANG_WARN_EMPTY_BODY = YES;
				CLANG_WARN_ENUM_CONVERSION = YES;
				CLANG_WARN_INFINITE_RECURSION = YES;
				CLANG_WARN_INT_CONVERSION = YES;
				CLANG_WARN_NON_LITERAL_NULL_CONVERSION = YES;
				CLANG_WARN_OBJC_IMPLICIT_RETAIN_SELF = YES;
				CLANG_WARN_OBJC_LITERAL_CONVERSION = YES;
				CLANG_WARN_OBJC_ROOT_CLASS = YES_ERROR;
				CLANG_WARN_QUOTED_INCLUDE_IN_FRAMEWORK_HEADER = YES;
				CLANG_WARN_RANGE_LOOP_ANALYSIS = YES;
				CLANG_WARN_STRICT_PROTOTYPES = YES;
				CLANG_WARN_SUSPICIOUS_MOVE = YES;
				CLANG_WARN_UNGUARDED_AVAILABILITY = YES_AGGRESSIVE;
				CLANG_WARN_UNREACHABLE_CODE = YES;
				CLANG_WARN__DUPLICATE_METHOD_MATCH = YES;
				COPY_PHASE_STRIP = NO;
				DEBUG_INFORMATION_FORMAT = dwarf;
				ENABLE_STRICT_OBJC_MSGSEND = YES;
				ENABLE_TESTABILITY = YES;
				ENABLE_USER_SCRIPT_SANDBOXING = YES;
				GCC_C_LANGUAGE_STANDARD = gnu17;
				GCC_DYNAMIC_NO_PIC = NO;
				GCC_NO_COMMON_BLOCKS = YES;
				GCC_OPTIMIZATION_LEVEL = 0;
				GCC_PREPROCESSOR_DEFINITIONS = (
					"DEBUG=1",
					"$(inherited)",
				);
				GCC_WARN_64_TO_32_BIT_CONVERSION = YES;
				GCC_WARN_ABOUT_RETURN_TYPE = YES_ERROR;
				GCC_WARN_UNDECLARED_SELECTOR = YES;
				GCC_WARN_UNINITIALIZED_AUTOS = YES_AGGRESSIVE;
				GCC_WARN_UNUSED_FUNCTION = YES;
				GCC_WARN_UNUSED_VARIABLE = YES;
				IPHONEOS_DEPLOYMENT_TARGET = 17.0;
				LOCALIZATION_PREFERS_STRING_CATALOGS = YES;
				MTL_ENABLE_DEBUG_INFO = INCLUDE_SOURCE;
				MTL_FAST_MATH = YES;
				ONLY_ACTIVE_ARCH = YES;
				SDKROOT = iphoneos;
				SWIFT_ACTIVE_COMPILATION_CONDITIONS = "DEBUG $(inherited)";
				SWIFT_OPTIMIZATION_LEVEL = "-Onone";
			};
			name = Debug;
		};
		85292A6B2CD3A95E0046E4F3 /* Release */ = {
			isa = XCBuildConfiguration;
			buildSettings = {
				ALWAYS_SEARCH_USER_PATHS = NO;
				ASSETCATALOG_COMPILER_GENERATE_SWIFT_ASSET_SYMBOL_EXTENSIONS = YES;
				CLANG_ANALYZER_NONNULL = YES;
				CLANG_ANALYZER_NUMBER_OBJECT_CONVERSION = YES_AGGRESSIVE;
				CLANG_CXX_LANGUAGE_STANDARD = "gnu++20";
				CLANG_ENABLE_MODULES = YES;
				CLANG_ENABLE_OBJC_ARC = YES;
				CLANG_ENABLE_OBJC_WEAK = YES;
				CLANG_WARN_BLOCK_CAPTURE_AUTORELEASING = YES;
				CLANG_WARN_BOOL_CONVERSION = YES;
				CLANG_WARN_COMMA = YES;
				CLANG_WARN_CONSTANT_CONVERSION = YES;
				CLANG_WARN_DEPRECATED_OBJC_IMPLEMENTATIONS = YES;
				CLANG_WARN_DIRECT_OBJC_ISA_USAGE = YES_ERROR;
				CLANG_WARN_DOCUMENTATION_COMMENTS = YES;
				CLANG_WARN_EMPTY_BODY = YES;
				CLANG_WARN_ENUM_CONVERSION = YES;
				CLANG_WARN_INFINITE_RECURSION = YES;
				CLANG_WARN_INT_CONVERSION = YES;
				CLANG_WARN_NON_LITERAL_NULL_CONVERSION = YES;
				CLANG_WARN_OBJC_IMPLICIT_RETAIN_SELF = YES;
				CLANG_WARN_OBJC_LITERAL_CONVERSION = YES;
				CLANG_WARN_OBJC_ROOT_CLASS = YES_ERROR;
				CLANG_WARN_QUOTED_INCLUDE_IN_FRAMEWORK_HEADER = YES;
				CLANG_WARN_RANGE_LOOP_ANALYSIS = YES;
				CLANG_WARN_STRICT_PROTOTYPES = YES;
				CLANG_WARN_SUSPICIOUS_MOVE = YES;
				CLANG_WARN_UNGUARDED_AVAILABILITY = YES_AGGRESSIVE;
				CLANG_WARN_UNREACHABLE_CODE = YES;
				CLANG_WARN__DUPLICATE_METHOD_MATCH = YES;
				COPY_PHASE_STRIP = NO;
				DEBUG_INFORMATION_FORMAT = "dwarf-with-dsym";
				ENABLE_NS_ASSERTIONS = NO;
				ENABLE_STRICT_OBJC_MSGSEND = YES;
				ENABLE_USER_SCRIPT_SANDBOXING = YES;
				GCC_C_LANGUAGE_STANDARD = gnu17;
				GCC_NO_COMMON_BLOCKS = YES;
				GCC_WARN_64_TO_32_BIT_CONVERSION = YES;
				GCC_WARN_ABOUT_RETURN_TYPE = YES_ERROR;
				GCC_WARN_UNDECLARED_SELECTOR = YES;
				GCC_WARN_UNINITIALIZED_AUTOS = YES_AGGRESSIVE;
				GCC_WARN_UNUSED_FUNCTION = YES;
				GCC_WARN_UNUSED_VARIABLE = YES;
				IPHONEOS_DEPLOYMENT_TARGET = 17.0;
				LOCALIZATION_PREFERS_STRING_CATALOGS = YES;
				MTL_ENABLE_DEBUG_INFO = NO;
				MTL_FAST_MATH = YES;
				SDKROOT = iphoneos;
				SWIFT_COMPILATION_MODE = wholemodule;
				VALIDATE_PRODUCT = YES;
			};
			name = Release;
		};
		85292A6D2CD3A95E0046E4F3 /* Debug */ = {
			isa = XCBuildConfiguration;
			buildSettings = {
				ASSETCATALOG_COMPILER_APPICON_NAME = AppIcon;
				ASSETCATALOG_COMPILER_GLOBAL_ACCENT_COLOR_NAME = AccentColor;
				CODE_SIGN_STYLE = Automatic;
				CURRENT_PROJECT_VERSION = 1;
				DEVELOPMENT_ASSET_PATHS = "\"demo-tableview/Preview Content\"";
				ENABLE_PREVIEWS = YES;
				GENERATE_INFOPLIST_FILE = YES;
				INFOPLIST_KEY_UIApplicationSceneManifest_Generation = YES;
				INFOPLIST_KEY_UIApplicationSupportsIndirectInputEvents = YES;
				INFOPLIST_KEY_UILaunchScreen_Generation = YES;
				INFOPLIST_KEY_UISupportedInterfaceOrientations_iPad = "UIInterfaceOrientationPortrait UIInterfaceOrientationPortraitUpsideDown UIInterfaceOrientationLandscapeLeft UIInterfaceOrientationLandscapeRight";
				INFOPLIST_KEY_UISupportedInterfaceOrientations_iPhone = "UIInterfaceOrientationPortrait UIInterfaceOrientationLandscapeLeft UIInterfaceOrientationLandscapeRight";
				LD_RUNPATH_SEARCH_PATHS = (
					"$(inherited)",
					"@executable_path/Frameworks",
				);
				MARKETING_VERSION = 1.0;
				PRODUCT_BUNDLE_IDENTIFIER = "hxy.demo-tableview";
				PRODUCT_NAME = "$(TARGET_NAME)";
				SWIFT_EMIT_LOC_STRINGS = YES;
				SWIFT_VERSION = 5.0;
				TARGETED_DEVICE_FAMILY = "1,2";
			};
			name = Debug;
		};
		85292A6E2CD3A95E0046E4F3 /* Release */ = {
			isa = XCBuildConfiguration;
			buildSettings = {
				ASSETCATALOG_COMPILER_APPICON_NAME = AppIcon;
				ASSETCATALOG_COMPILER_GLOBAL_ACCENT_COLOR_NAME = AccentColor;
				CODE_SIGN_STYLE = Automatic;
				CURRENT_PROJECT_VERSION = 1;
				DEVELOPMENT_ASSET_PATHS = "\"demo-tableview/Preview Content\"";
				ENABLE_PREVIEWS = YES;
				GENERATE_INFOPLIST_FILE = YES;
				INFOPLIST_KEY_UIApplicationSceneManifest_Generation = YES;
				INFOPLIST_KEY_UIApplicationSupportsIndirectInputEvents = YES;
				INFOPLIST_KEY_UILaunchScreen_Generation = YES;
				INFOPLIST_KEY_UISupportedInterfaceOrientations_iPad = "UIInterfaceOrientationPortrait UIInterfaceOrientationPortraitUpsideDown UIInterfaceOrientationLandscapeLeft UIInterfaceOrientationLandscapeRight";
				INFOPLIST_KEY_UISupportedInterfaceOrientations_iPhone = "UIInterfaceOrientationPortrait UIInterfaceOrientationLandscapeLeft UIInterfaceOrientationLandscapeRight";
				LD_RUNPATH_SEARCH_PATHS = (
					"$(inherited)",
					"@executable_path/Frameworks",
				);
				MARKETING_VERSION = 1.0;
				PRODUCT_BUNDLE_IDENTIFIER = "hxy.demo-tableview";
				PRODUCT_NAME = "$(TARGET_NAME)";
				SWIFT_EMIT_LOC_STRINGS = YES;
				SWIFT_VERSION = 5.0;
				TARGETED_DEVICE_FAMILY = "1,2";
			};
			name = Release;
		};
		85292A702CD3A95E0046E4F3 /* Debug */ = {
			isa = XCBuildConfiguration;
			buildSettings = {
				ALWAYS_EMBED_SWIFT_STANDARD_LIBRARIES = YES;
				BUNDLE_LOADER = "$(TEST_HOST)";
				CODE_SIGN_STYLE = Automatic;
				CURRENT_PROJECT_VERSION = 1;
				GENERATE_INFOPLIST_FILE = YES;
				IPHONEOS_DEPLOYMENT_TARGET = 17.0;
				MARKETING_VERSION = 1.0;
				PRODUCT_BUNDLE_IDENTIFIER = "hxy.demo-tableviewTests";
				PRODUCT_NAME = "$(TARGET_NAME)";
				SWIFT_EMIT_LOC_STRINGS = NO;
				SWIFT_VERSION = 5.0;
				TARGETED_DEVICE_FAMILY = "1,2";
				TEST_HOST = "$(BUILT_PRODUCTS_DIR)/demo-tableview.app/$(BUNDLE_EXECUTABLE_FOLDER_PATH)/demo-tableview";
			};
			name = Debug;
		};
		85292A712CD3A95E0046E4F3 /* Release */ = {
			isa = XCBuildConfiguration;
			buildSettings = {
				ALWAYS_EMBED_SWIFT_STANDARD_LIBRARIES = YES;
				BUNDLE_LOADER = "$(TEST_HOST)";
				CODE_SIGN_STYLE = Automatic;
				CURRENT_PROJECT_VERSION = 1;
				GENERATE_INFOPLIST_FILE = YES;
				IPHONEOS_DEPLOYMENT_TARGET = 17.0;
				MARKETING_VERSION = 1.0;
				PRODUCT_BUNDLE_IDENTIFIER = "hxy.demo-tableviewTests";
				PRODUCT_NAME = "$(TARGET_NAME)";
				SWIFT_EMIT_LOC_STRINGS = NO;
				SWIFT_VERSION = 5.0;
				TARGETED_DEVICE_FAMILY = "1,2";
				TEST_HOST = "$(BUILT_PRODUCTS_DIR)/demo-tableview.app/$(BUNDLE_EXECUTABLE_FOLDER_PATH)/demo-tableview";
			};
			name = Release;
		};
		85292A732CD3A95E0046E4F3 /* Debug */ = {
			isa = XCBuildConfiguration;
			buildSettings = {
				ALWAYS_EMBED_SWIFT_STANDARD_LIBRARIES = YES;
				CODE_SIGN_STYLE = Automatic;
				CURRENT_PROJECT_VERSION = 1;
				GENERATE_INFOPLIST_FILE = YES;
				MARKETING_VERSION = 1.0;
				PRODUCT_BUNDLE_IDENTIFIER = "hxy.demo-tableviewUITests";
				PRODUCT_NAME = "$(TARGET_NAME)";
				SWIFT_EMIT_LOC_STRINGS = NO;
				SWIFT_VERSION = 5.0;
				TARGETED_DEVICE_FAMILY = "1,2";
				TEST_TARGET_NAME = "demo-tableview";
			};
			name = Debug;
		};
		85292A742CD3A95E0046E4F3 /* Release */ = {
			isa = XCBuildConfiguration;
			buildSettings = {
				ALWAYS_EMBED_SWIFT_STANDARD_LIBRARIES = YES;
				CODE_SIGN_STYLE = Automatic;
				CURRENT_PROJECT_VERSION = 1;
				GENERATE_INFOPLIST_FILE = YES;
				MARKETING_VERSION = 1.0;
				PRODUCT_BUNDLE_IDENTIFIER = "hxy.demo-tableviewUITests";
				PRODUCT_NAME = "$(TARGET_NAME)";
				SWIFT_EMIT_LOC_STRINGS = NO;
				SWIFT_VERSION = 5.0;
				TARGETED_DEVICE_FAMILY = "1,2";
				TEST_TARGET_NAME = "demo-tableview";
			};
			name = Release;
		};
/* End XCBuildConfiguration section */

/* Begin XCConfigurationList section */
		85292A412CD3A95A0046E4F3 /* Build configuration list for PBXProject "demo-tableview" */ = {
			isa = XCConfigurationList;
			buildConfigurations = (
				85292A6A2CD3A95E0046E4F3 /* Debug */,
				85292A6B2CD3A95E0046E4F3 /* Release */,
			);
			defaultConfigurationIsVisible = 0;
			defaultConfigurationName = Release;
		};
		85292A6C2CD3A95E0046E4F3 /* Build configuration list for PBXNativeTarget "demo-tableview" */ = {
			isa = XCConfigurationList;
			buildConfigurations = (
				85292A6D2CD3A95E0046E4F3 /* Debug */,
				85292A6E2CD3A95E0046E4F3 /* Release */,
			);
			defaultConfigurationIsVisible = 0;
			defaultConfigurationName = Release;
		};
		85292A6F2CD3A95E0046E4F3 /* Build configuration list for PBXNativeTarget "demo-tableviewTests" */ = {
			isa = XCConfigurationList;
			buildConfigurations = (
				85292A702CD3A95E0046E4F3 /* Debug */,
				85292A712CD3A95E0046E4F3 /* Release */,
			);
			defaultConfigurationIsVisible = 0;
			defaultConfigurationName = Release;
		};
		85292A722CD3A95E0046E4F3 /* Build configuration list for PBXNativeTarget "demo-tableviewUITests" */ = {
			isa = XCConfigurationList;
			buildConfigurations = (
				85292A732CD3A95E0046E4F3 /* Debug */,
				85292A742CD3A95E0046E4F3 /* Release */,
			);
			defaultConfigurationIsVisible = 0;
			defaultConfigurationName = Release;
		};
/* End XCConfigurationList section */
	};
	rootObject = 85292A3E2CD3A95A0046E4F3 /* Project object */;
}
